
Microsoft Visual Studio Solution File, Format Version 12.00
# Visual Studio Version 16
VisualStudioVersion = 16.0.29920.165
MinimumVisualStudioVersion = 10.0.40219.1
Project("{FAE04EC0-301F-11D3-BF4B-00C04F79EFBC}") = "first", "first\first.csproj", "{D60A5171-BAD0-4980-B12C-63A8F1D5D806}"
EndProject
Global
	GlobalSection(SolutionConfigurationPlatforms) = preSolution
		Debug|Any CPU = Debug|Any CPU
		Release|Any CPU = Release|Any CPU
	EndGlobalSection
	GlobalSection(ProjectConfigurationPlatforms) = postSolution
		{D60A5171-BAD0-4980-B12C-63A8F1D5D806}.Debug|Any CPU.ActiveCfg = Debug|Any CPU
		{D60A5171-BAD0-4980-B12C-63A8F1D5D806}.Debug|Any CPU.Build.0 = Debug|Any CPU
		{D60A5171-BAD0-4980-B12C-63A8F1D5D806}.Release|Any CPU.ActiveCfg = Release|Any CPU
		{D60A5171-BAD0-4980-B12C-63A8F1D5D806}.Release|Any CPU.Build.0 = Release|Any CPU
	EndGlobalSection
	GlobalSection(SolutionProperties) = preSolution
		HideSolutionNode = FALSE
	EndGlobalSection
	GlobalSection(ExtensibilityGlobals) = postSolution
		SolutionGuid = {5BBA12F9-4983-4252-8CAF-3065DAC4F099}
	EndGlobalSection
EndGlobal
